Microsoft Visual Studio Solution File, Format Version 12.00
# Visual Studio 15
VisualStudioVersion = 15.0.27130.2036
MinimumVisualStudioVersion = 10.0.40219.1
Project("{FAE04EC0-301F-11D3-BF4B-00C04F79EFBC}") = "logic_mod", "logic_mod\logic_mod.csproj", "{556228A3-C90B-4FBB-87BB-23B870B86CAE}"
EndProject
Global
	GlobalSection(SolutionConfigurationPlatforms) = preSolution
		Debug|Any CPU = Debug|Any CPU
		Release|Any CPU = Release|Any CPU
	EndGlobalSection
	GlobalSection(ProjectConfigurationPlatforms) = postSolution
		{556228A3-C90B-4FBB-87BB-23B870B86CAE}.Debug|Any CPU.ActiveCfg = Debug|Any CPU
		{556228A3-C90B-4FBB-87BB-23B870B86CAE}.Debug|Any CPU.Build.0 = Debug|Any CPU
		{556228A3-C90B-4FBB-87BB-23B870B86CAE}.Release|Any CPU.ActiveCfg = Release|Any CPU
		{556228A3-C90B-4FBB-87BB-23B870B86CAE}.Release|Any CPU.Build.0 = Release|Any CPU
	EndGlobalSection
	GlobalSection(SolutionProperties) = preSolution
		HideSolutionNode = FALSE
	EndGlobalSection
	GlobalSection(ExtensibilityGlobals) = postSolution
		SolutionGuid = {DD00B704-A00A-4B1D-972F-C537851EAB49}
	EndGlobalSection
EndGlobal
